<?xml version="1.0" encoding="utf-8"?>
<Project ToolsVersion="4.0" xmlns="http://schemas.microsoft.com/developer/msbuild/2003">
  <ItemGroup>
    <Filter Include="Source Files">
      <UniqueIdentifier>{4FC737F1-C7A5-4376-A066-2A32D752A2FF}</UniqueIdentifier>
      <Extensions>cpp;c;cc;cxx;c++;cppm;ixx;def;odl;idl;hpj;bat;asm;asmx</Extensions>
    </Filter>
    <Filter Include="Header Files">
      <UniqueIdentifier>{93995380-89BD-4b04-88EB-625FBE52EBFB}</UniqueIdentifier>
      <Extensions>h;hh;hpp;hxx;h++;hm;inl;inc;ipp;xsd</Extensions>
    </Filter>
    <Filter Include="Resource Files">
      <UniqueIdentifier>{67DA6AB6-F800-4c08-8B7A-83BB121AAD01}</UniqueIdentifier>
      <Extensions>rc;ico;cur;bmp;dlg;rc2;rct;bin;rgs;gif;jpg;jpeg;jpe;resx;tiff;tif;png;wav;mfcribbon-ms</Extensions>
    </Filter>
  </ItemGroup>
  <ItemGroup>
    <ClCompile Include="2024.cpp">
      <Filter>Source Files</Filter>
    </ClCompile>
    <ClCompile Include="util\filereader.cpp">
      <Filter>Source Files</Filter>
    </ClCompile>
    <ClCompile Include="util\challengerunner.cpp">
      <Filter>Source Files</Filter>
    </ClCompile>
    <ClCompile Include="util\dayfactory.cpp">
      <Filter>Source Files</Filter>
    </ClCompile>
    <ClCompile Include="day1\day1.cpp">
      <Filter>Source Files</Filter>
    </ClCompile>
    <ClCompile Include="day2\day2.cpp">
      <Filter>Source Files</Filter>
    </ClCompile>
    <ClCompile Include="day3\day3.cpp">
      <Filter>Source Files</Filter>
    </ClCompile>
    <ClCompile Include="day4\day4.cpp">
      <Filter>Source Files</Filter>
    </ClCompile>
    <ClCompile Include="day5\day5.cpp">
      <Filter>Source Files</Filter>
    </ClCompile>
  </ItemGroup>
  <ItemGroup>
    <ClInclude Include="util\filereader.h">
      <Filter>Header Files</Filter>
    </ClInclude>
    <ClInclude Include="util\challengerunner.h">
      <Filter>Header Files</Filter>
    </ClInclude>
    <ClInclude Include="util\iday.h">
      <Filter>Header Files</Filter>
    </ClInclude>
    <ClInclude Include="util\dayfactory.h">
      <Filter>Header Files</Filter>
    </ClInclude>
    <ClInclude Include="day1\day1.h">
      <Filter>Header Files</Filter>
    </ClInclude>
    <ClInclude Include="day2\day2.h">
      <Filter>Header Files</Filter>
    </ClInclude>
    <ClInclude Include="day3\day3.h">
      <Filter>Header Files</Filter>
    </ClInclude>
    <ClInclude Include="day4\day4.h">
      <Filter>Header Files</Filter>
    </ClInclude>
    <ClInclude Include="day5\day5.h">
      <Filter>Header Files</Filter>
    </ClInclude>
  </ItemGroup>
  <ItemGroup>
    <CopyFileToFolders Include="input\day1.txt" />
    <CopyFileToFolders Include="input\day2.txt" />
    <CopyFileToFolders Include="input\__day2.txt" />
    <CopyFileToFolders Include="input\day3.txt" />
    <CopyFileToFolders Include="input\day4.txt" />
    <CopyFileToFolders Include="input\__day4.txt" />
    <CopyFileToFolders Include="input\day5_manuals.txt" />
    <CopyFileToFolders Include="input\day5_rules.txt" />
  </ItemGroup>
</Project>